{
  "nodes": {
    "nixpkgs": {
      "locked": {
        "lastModified": 1698189629,
        "narHash": "sha256-NAOWmgecn42EmgfDS7LC00wk940JBOL2NzCoctbWMxA=",
        "owner": "NixOS",
        "repo": "nixpkgs",
        "rev": "8fa4bf50c1695b18e9f02a0030e00a5d58f3ef6c",
        "type": "github"
      },
      "original": {
        "owner": "NixOS",
        "ref": "master",
        "repo": "nixpkgs",
        "type": "github"
      }
    },
    "root": {
      "inputs": {
        "nixpkgs": "nixpkgs"
      }
    }
  },
  "root": "root",
  "version": 7
}
