{
  "nodes": {
    "nixpkgs": {
      "locked": {
        "lastModified": 1660269288,
        "narHash": "sha256-Yzo/wqgBL9FS6rZhXz+K9YiCaFeKQEM4Hjpoy7iuY14=",
        "owner": "NixOS",
        "repo": "nixpkgs",
        "rev": "f760c8204948219f0c7d3dc7ca423821273a80e3",
        "type": "github"
      },
      "original": {
        "owner": "NixOS",
        "ref": "master",
        "repo": "nixpkgs",
        "type": "github"
      }
    },
    "root": {
      "inputs": {
        "nixpkgs": "nixpkgs"
      }
    }
  },
  "root": "root",
  "version": 7
}
