{
  "nodes": {
    "nixpkgs": {
      "locked": {
        "lastModified": 1692669300,
        "narHash": "sha256-6MSGTB9DUnh33jyF+kYG4LQ+9YiH8euBbgn7ND9FOew=",
        "owner": "NixOS",
        "repo": "nixpkgs",
        "rev": "0ff7842a3e47e691eabdd3f86fc0dfd87a27e950",
        "type": "github"
      },
      "original": {
        "owner": "NixOS",
        "ref": "master",
        "repo": "nixpkgs",
        "type": "github"
      }
    },
    "root": {
      "inputs": {
        "nixpkgs": "nixpkgs"
      }
    }
  },
  "root": "root",
  "version": 7
}
